
Microsoft Visual Studio Solution File, Format Version 12.00
# Visual Studio Version 17
VisualStudioVersion = 17.0.31903.59
MinimumVisualStudioVersion = 10.0.40219.1
Project("{2150E333-8FDC-42A3-9474-1A3956D46DE8}") = "src", "src", "{60CF10D2-D8DE-46F6-9C8D-6D02D7F7AE30}"
EndProject
Project("{FAE04EC0-301F-11D3-BF4B-00C04F79EFBC}") = "DesktopAgent", "src\DesktopAgent\DesktopAgent.csproj", "{92F3FCFF-D26B-4330-BD55-7FFEBDC27211}"
EndProject
Project("{2150E333-8FDC-42A3-9474-1A3956D46DE8}") = "tests", "tests", "{4D113B39-5C23-47BC-95E3-B79D5A24C1D3}"
EndProject
Project("{FAE04EC0-301F-11D3-BF4B-00C04F79EFBC}") = "DesktopAgent.Tests", "tests\DesktopAgent.Tests\DesktopAgent.Tests.csproj", "{D0C60868-6D74-4871-9FD8-A75D7FDFEAF9}"
EndProject
Global
	GlobalSection(SolutionConfigurationPlatforms) = preSolution
		Debug|Any CPU = Debug|Any CPU
		Release|Any CPU = Release|Any CPU
	EndGlobalSection
	GlobalSection(SolutionProperties) = preSolution
		HideSolutionNode = FALSE
	EndGlobalSection
	GlobalSection(ProjectConfigurationPlatforms) = postSolution
		{92F3FCFF-D26B-4330-BD55-7FFEBDC27211}.Debug|Any CPU.ActiveCfg = Debug|Any CPU
		{92F3FCFF-D26B-4330-BD55-7FFEBDC27211}.Debug|Any CPU.Build.0 = Debug|Any CPU
		{92F3FCFF-D26B-4330-BD55-7FFEBDC27211}.Release|Any CPU.ActiveCfg = Release|Any CPU
		{92F3FCFF-D26B-4330-BD55-7FFEBDC27211}.Release|Any CPU.Build.0 = Release|Any CPU
		{D0C60868-6D74-4871-9FD8-A75D7FDFEAF9}.Debug|Any CPU.ActiveCfg = Debug|Any CPU
		{D0C60868-6D74-4871-9FD8-A75D7FDFEAF9}.Debug|Any CPU.Build.0 = Debug|Any CPU
		{D0C60868-6D74-4871-9FD8-A75D7FDFEAF9}.Release|Any CPU.ActiveCfg = Release|Any CPU
		{D0C60868-6D74-4871-9FD8-A75D7FDFEAF9}.Release|Any CPU.Build.0 = Release|Any CPU
	EndGlobalSection
	GlobalSection(NestedProjects) = preSolution
		{92F3FCFF-D26B-4330-BD55-7FFEBDC27211} = {60CF10D2-D8DE-46F6-9C8D-6D02D7F7AE30}
		{D0C60868-6D74-4871-9FD8-A75D7FDFEAF9} = {4D113B39-5C23-47BC-95E3-B79D5A24C1D3}
	EndGlobalSection
EndGlobal
